
Microsoft Visual Studio Solution File, Format Version 12.00
# Visual Studio Version 17
VisualStudioVersion = 17.2.32414.248
MinimumVisualStudioVersion = 10.0.40219.1
Project("{8BC9CEB8-8B4A-11D0-8D11-00A0C91BC942}") = "SortingWordsInLexicographicOrder", "SortingWordsInLexicographicOrder\SortingWordsInLexicographicOrder.vcxproj", "{49C81D0D-1459-420E-BF53-B896E0464625}"
EndProject
Project("{8BC9CEB8-8B4A-11D0-8D11-00A0C91BC942}") = "Stack", "Stack\Stack.vcxproj", "{CD9C8FB5-8126-4308-9C64-4FD869CA69D0}"
EndProject
Project("{8BC9CEB8-8B4A-11D0-8D11-00A0C91BC942}") = "UniqueNumbers", "UniqueNumbers\UniqueNumbers.vcxproj", "{DBB06408-C4A0-4B7D-BE00-09C959887076}"
EndProject
Project("{8BC9CEB8-8B4A-11D0-8D11-00A0C91BC942}") = "ReversePolishNotation", "ReversePolishNotation\ReversePolishNotation.vcxproj", "{D121C3E0-C1C7-4E3D-B32B-3813DB902DAF}"
EndProject
Project("{8BC9CEB8-8B4A-11D0-8D11-00A0C91BC942}") = "TheMostPopularWord", "TheMostPopularWord\TheMostPopularWord.vcxproj", "{0047124F-971F-4651-A5AC-5C9CB5FFB88A}"
EndProject
Global
	GlobalSection(SolutionConfigurationPlatforms) = preSolution
		Debug|x64 = Debug|x64
		Debug|x86 = Debug|x86
		Release|x64 = Release|x64
		Release|x86 = Release|x86
	EndGlobalSection
	GlobalSection(ProjectConfigurationPlatforms) = postSolution
		{49C81D0D-1459-420E-BF53-B896E0464625}.Debug|x64.ActiveCfg = Debug|x64
		{49C81D0D-1459-420E-BF53-B896E0464625}.Debug|x64.Build.0 = Debug|x64
		{49C81D0D-1459-420E-BF53-B896E0464625}.Debug|x86.ActiveCfg = Debug|Win32
		{49C81D0D-1459-420E-BF53-B896E0464625}.Debug|x86.Build.0 = Debug|Win32
		{49C81D0D-1459-420E-BF53-B896E0464625}.Release|x64.ActiveCfg = Release|x64
		{49C81D0D-1459-420E-BF53-B896E0464625}.Release|x64.Build.0 = Release|x64
		{49C81D0D-1459-420E-BF53-B896E0464625}.Release|x86.ActiveCfg = Release|Win32
		{49C81D0D-1459-420E-BF53-B896E0464625}.Release|x86.Build.0 = Release|Win32
		{CD9C8FB5-8126-4308-9C64-4FD869CA69D0}.Debug|x64.ActiveCfg = Debug|x64
		{CD9C8FB5-8126-4308-9C64-4FD869CA69D0}.Debug|x64.Build.0 = Debug|x64
		{CD9C8FB5-8126-4308-9C64-4FD869CA69D0}.Debug|x86.ActiveCfg = Debug|Win32
		{CD9C8FB5-8126-4308-9C64-4FD869CA69D0}.Debug|x86.Build.0 = Debug|Win32
		{CD9C8FB5-8126-4308-9C64-4FD869CA69D0}.Release|x64.ActiveCfg = Release|x64
		{CD9C8FB5-8126-4308-9C64-4FD869CA69D0}.Release|x64.Build.0 = Release|x64
		{CD9C8FB5-8126-4308-9C64-4FD869CA69D0}.Release|x86.ActiveCfg = Release|Win32
		{CD9C8FB5-8126-4308-9C64-4FD869CA69D0}.Release|x86.Build.0 = Release|Win32
		{DBB06408-C4A0-4B7D-BE00-09C959887076}.Debug|x64.ActiveCfg = Debug|x64
		{DBB06408-C4A0-4B7D-BE00-09C959887076}.Debug|x64.Build.0 = Debug|x64
		{DBB06408-C4A0-4B7D-BE00-09C959887076}.Debug|x86.ActiveCfg = Debug|Win32
		{DBB06408-C4A0-4B7D-BE00-09C959887076}.Debug|x86.Build.0 = Debug|Win32
		{DBB06408-C4A0-4B7D-BE00-09C959887076}.Release|x64.ActiveCfg = Release|x64
		{DBB06408-C4A0-4B7D-BE00-09C959887076}.Release|x64.Build.0 = Release|x64
		{DBB06408-C4A0-4B7D-BE00-09C959887076}.Release|x86.ActiveCfg = Release|Win32
		{DBB06408-C4A0-4B7D-BE00-09C959887076}.Release|x86.Build.0 = Release|Win32
		{D121C3E0-C1C7-4E3D-B32B-3813DB902DAF}.Debug|x64.ActiveCfg = Debug|x64
		{D121C3E0-C1C7-4E3D-B32B-3813DB902DAF}.Debug|x64.Build.0 = Debug|x64
		{D121C3E0-C1C7-4E3D-B32B-3813DB902DAF}.Debug|x86.ActiveCfg = Debug|Win32
		{D121C3E0-C1C7-4E3D-B32B-3813DB902DAF}.Debug|x86.Build.0 = Debug|Win32
		{D121C3E0-C1C7-4E3D-B32B-3813DB902DAF}.Release|x64.ActiveCfg = Release|x64
		{D121C3E0-C1C7-4E3D-B32B-3813DB902DAF}.Release|x64.Build.0 = Release|x64
		{D121C3E0-C1C7-4E3D-B32B-3813DB902DAF}.Release|x86.ActiveCfg = Release|Win32
		{D121C3E0-C1C7-4E3D-B32B-3813DB902DAF}.Release|x86.Build.0 = Release|Win32
		{0047124F-971F-4651-A5AC-5C9CB5FFB88A}.Debug|x64.ActiveCfg = Debug|x64
		{0047124F-971F-4651-A5AC-5C9CB5FFB88A}.Debug|x64.Build.0 = Debug|x64
		{0047124F-971F-4651-A5AC-5C9CB5FFB88A}.Debug|x86.ActiveCfg = Debug|Win32
		{0047124F-971F-4651-A5AC-5C9CB5FFB88A}.Debug|x86.Build.0 = Debug|Win32
		{0047124F-971F-4651-A5AC-5C9CB5FFB88A}.Release|x64.ActiveCfg = Release|x64
		{0047124F-971F-4651-A5AC-5C9CB5FFB88A}.Release|x64.Build.0 = Release|x64
		{0047124F-971F-4651-A5AC-5C9CB5FFB88A}.Release|x86.ActiveCfg = Release|Win32
		{0047124F-971F-4651-A5AC-5C9CB5FFB88A}.Release|x86.Build.0 = Release|Win32
	EndGlobalSection
	GlobalSection(SolutionProperties) = preSolution
		HideSolutionNode = FALSE
	EndGlobalSection
	GlobalSection(ExtensibilityGlobals) = postSolution
		SolutionGuid = {F17483D0-B59F-43AB-8EE7-5FAE132DB32E}
	EndGlobalSection
EndGlobal
